
Microsoft Visual Studio Solution File, Format Version 12.00
# Visual Studio Version 17
VisualStudioVersion = 17.14.36717.8 d17.14
MinimumVisualStudioVersion = 10.0.40219.1
Project("{FAE04EC0-301F-11D3-BF4B-00C04F79EFBC}") = "BridgeSensorSimulator", "BridgeSensorSimulator\BridgeSensorSimulator.csproj", "{2AD22B2C-52A8-4D62-8E21-67FD55C146F2}"
EndProject
Global
	GlobalSection(SolutionConfigurationPlatforms) = preSolution
		Debug|Any CPU = Debug|Any CPU
		Release|Any CPU = Release|Any CPU
	EndGlobalSection
	GlobalSection(ProjectConfigurationPlatforms) = postSolution
		{2AD22B2C-52A8-4D62-8E21-67FD55C146F2}.Debug|Any CPU.ActiveCfg = Debug|Any CPU
		{2AD22B2C-52A8-4D62-8E21-67FD55C146F2}.Debug|Any CPU.Build.0 = Debug|Any CPU
		{2AD22B2C-52A8-4D62-8E21-67FD55C146F2}.Release|Any CPU.ActiveCfg = Release|Any CPU
		{2AD22B2C-52A8-4D62-8E21-67FD55C146F2}.Release|Any CPU.Build.0 = Release|Any CPU
	EndGlobalSection
	GlobalSection(SolutionProperties) = preSolution
		HideSolutionNode = FALSE
	EndGlobalSection
	GlobalSection(ExtensibilityGlobals) = postSolution
		SolutionGuid = {B9ACF78F-72E8-4FDB-B365-46F393827278}
	EndGlobalSection
EndGlobal
